
Microsoft Visual Studio Solution File, Format Version 12.00
# Visual Studio Version 16
VisualStudioVersion = 16.0.28803.352
MinimumVisualStudioVersion = 10.0.40219.1
Project("{9A19103F-16F7-4668-BE54-9A1E7A4F7556}") = "MyPinPad.QrDecoder", "QRCodeDecoderLibrary\MyPinPad.QrDecoder.csproj", "{609656C8-4550-40D0-B039-999CEC29F37D}"
EndProject
Global
	GlobalSection(SolutionConfigurationPlatforms) = preSolution
		Debug|Any CPU = Debug|Any CPU
		Debug|x86 = Debug|x86
		Release|Any CPU = Release|Any CPU
		Release|x86 = Release|x86
	EndGlobalSection
	GlobalSection(ProjectConfigurationPlatforms) = postSolution
		{609656C8-4550-40D0-B039-999CEC29F37D}.Debug|Any CPU.ActiveCfg = Debug|Any CPU
		{609656C8-4550-40D0-B039-999CEC29F37D}.Debug|Any CPU.Build.0 = Debug|Any CPU
		{609656C8-4550-40D0-B039-999CEC29F37D}.Debug|x86.ActiveCfg = Debug|Any CPU
		{609656C8-4550-40D0-B039-999CEC29F37D}.Debug|x86.Build.0 = Debug|Any CPU
		{609656C8-4550-40D0-B039-999CEC29F37D}.Release|Any CPU.ActiveCfg = Release|Any CPU
		{609656C8-4550-40D0-B039-999CEC29F37D}.Release|Any CPU.Build.0 = Release|Any CPU
		{609656C8-4550-40D0-B039-999CEC29F37D}.Release|x86.ActiveCfg = Release|Any CPU
		{609656C8-4550-40D0-B039-999CEC29F37D}.Release|x86.Build.0 = Release|Any CPU
	EndGlobalSection
	GlobalSection(SolutionProperties) = preSolution
		HideSolutionNode = FALSE
	EndGlobalSection
	GlobalSection(ExtensibilityGlobals) = postSolution
		SolutionGuid = {B29AEA81-F249-4695-A135-2D2051F18D81}
	EndGlobalSection
EndGlobal
